
Microsoft Visual Studio Solution File, Format Version 12.00
# Visual Studio Version 16
VisualStudioVersion = 16.0.31229.75
MinimumVisualStudioVersion = 10.0.40219.1
Project("{FAE04EC0-301F-11D3-BF4B-00C04F79EFBC}") = "resultado-pdf", "resultado-pdf.csproj", "{65AF7508-2C68-4331-B19B-28D34CDC6F0C}"
EndProject
Global
	GlobalSection(SolutionConfigurationPlatforms) = preSolution
		Debug|Any CPU = Debug|Any CPU
		Release|Any CPU = Release|Any CPU
	EndGlobalSection
	GlobalSection(ProjectConfigurationPlatforms) = postSolution
		{65AF7508-2C68-4331-B19B-28D34CDC6F0C}.Debug|Any CPU.ActiveCfg = Debug|Any CPU
		{65AF7508-2C68-4331-B19B-28D34CDC6F0C}.Debug|Any CPU.Build.0 = Debug|Any CPU
		{65AF7508-2C68-4331-B19B-28D34CDC6F0C}.Release|Any CPU.ActiveCfg = Release|Any CPU
		{65AF7508-2C68-4331-B19B-28D34CDC6F0C}.Release|Any CPU.Build.0 = Release|Any CPU
	EndGlobalSection
	GlobalSection(SolutionProperties) = preSolution
		HideSolutionNode = FALSE
	EndGlobalSection
	GlobalSection(ExtensibilityGlobals) = postSolution
		SolutionGuid = {48A56D62-A966-4744-A584-43B726BBE3AD}
	EndGlobalSection
EndGlobal
